{
  "name": "EmbedWynDashboardsViaDiv",
  "lockfileVersion": 2,
  "requires": true,
  "packages": {
    "": {
      "dependencies": {
        "@grapecity/wyn-integration": "^1.0.3"
      }
    },
    "node_modules/@grapecity/wyn-integration": {
      "version": "1.0.3",
      "resolved": "https://registry.npmjs.org/@grapecity/wyn-integration/-/wyn-integration-1.0.3.tgz",
      "integrity": "sha512-LTW/dw4pXyvcZAs0BQte3BDbWXGyl1TF7pI5Uhj5B3Q2FXQJDatMTo34C4sG7CKjbZKN3SFNeUWdVPVimbpAnw=="
    }
  },
  "dependencies": {
    "@grapecity/wyn-integration": {
      "version": "1.0.3",
      "resolved": "https://registry.npmjs.org/@grapecity/wyn-integration/-/wyn-integration-1.0.3.tgz",
      "integrity": "sha512-LTW/dw4pXyvcZAs0BQte3BDbWXGyl1TF7pI5Uhj5B3Q2FXQJDatMTo34C4sG7CKjbZKN3SFNeUWdVPVimbpAnw=="
    }
  }
}
